
Microsoft Visual Studio Solution File, Format Version 12.00
# Visual Studio Version 16
VisualStudioVersion = 16.0.31105.61
MinimumVisualStudioVersion = 10.0.40219.1
Project("{FAE04EC0-301F-11D3-BF4B-00C04F79EFBC}") = "CalculadoraDataAPI", "CalculadoraDataAPI\CalculadoraDataAPI.csproj", "{8642CDB6-0051-4026-BF73-12A03367DC91}"
EndProject
Project("{FAE04EC0-301F-11D3-BF4B-00C04F79EFBC}") = "CalcularDataUnitTestController", "Testes\CalcularDataUnitTestController\CalcularDataUnitTestController.csproj", "{5DE59DCC-2D99-401B-9CB9-0CC71E9F9FBA}"
EndProject
Global
	GlobalSection(SolutionConfigurationPlatforms) = preSolution
		Debug|Any CPU = Debug|Any CPU
		Release|Any CPU = Release|Any CPU
	EndGlobalSection
	GlobalSection(ProjectConfigurationPlatforms) = postSolution
		{8642CDB6-0051-4026-BF73-12A03367DC91}.Debug|Any CPU.ActiveCfg = Debug|Any CPU
		{8642CDB6-0051-4026-BF73-12A03367DC91}.Debug|Any CPU.Build.0 = Debug|Any CPU
		{8642CDB6-0051-4026-BF73-12A03367DC91}.Release|Any CPU.ActiveCfg = Release|Any CPU
		{8642CDB6-0051-4026-BF73-12A03367DC91}.Release|Any CPU.Build.0 = Release|Any CPU
		{5DE59DCC-2D99-401B-9CB9-0CC71E9F9FBA}.Debug|Any CPU.ActiveCfg = Debug|Any CPU
		{5DE59DCC-2D99-401B-9CB9-0CC71E9F9FBA}.Debug|Any CPU.Build.0 = Debug|Any CPU
		{5DE59DCC-2D99-401B-9CB9-0CC71E9F9FBA}.Release|Any CPU.ActiveCfg = Release|Any CPU
		{5DE59DCC-2D99-401B-9CB9-0CC71E9F9FBA}.Release|Any CPU.Build.0 = Release|Any CPU
	EndGlobalSection
	GlobalSection(SolutionProperties) = preSolution
		HideSolutionNode = FALSE
	EndGlobalSection
	GlobalSection(ExtensibilityGlobals) = postSolution
		SolutionGuid = {96AA0A38-EDEA-4326-8528-5574FEBA722F}
	EndGlobalSection
EndGlobal
